
Microsoft Visual Studio Solution File, Format Version 12.00
# Visual Studio 15
VisualStudioVersion = 15.0.28307.271
MinimumVisualStudioVersion = 10.0.40219.1
Project("{FAE04EC0-301F-11D3-BF4B-00C04F79EFBC}") = "PrintQue.Android", "PrintQue\PrintQue.Android\PrintQue.Android.csproj", "{D99F3689-760F-4CEB-AA24-F2C544BDE287}"
EndProject
Project("{FAE04EC0-301F-11D3-BF4B-00C04F79EFBC}") = "PrintQue.iOS", "PrintQue\PrintQue.iOS\PrintQue.iOS.csproj", "{6CD28BF9-F214-4B22-B891-884D79A72356}"
EndProject
Project("{9A19103F-16F7-4668-BE54-9A1E7A4F7556}") = "PrintQue", "PrintQue\PrintQue\PrintQue.csproj", "{4AB4125A-5B53-4DFC-ACB9-BA3085BD6762}"
EndProject
Global
	GlobalSection(SolutionConfigurationPlatforms) = preSolution
		Ad-Hoc|Any CPU = Ad-Hoc|Any CPU
		Ad-Hoc|iPhone = Ad-Hoc|iPhone
		Ad-Hoc|iPhoneSimulator = Ad-Hoc|iPhoneSimulator
		Ad-Hoc|x86 = Ad-Hoc|x86
		AppStore|Any CPU = AppStore|Any CPU
		AppStore|iPhone = AppStore|iPhone
		AppStore|iPhoneSimulator = AppStore|iPhoneSimulator
		AppStore|x86 = AppStore|x86
		Debug|Any CPU = Debug|Any CPU
		Debug|iPhone = Debug|iPhone
		Debug|iPhoneSimulator = Debug|iPhoneSimulator
		Debug|x86 = Debug|x86
		Release|Any CPU = Release|Any CPU
		Release|iPhone = Release|iPhone
		Release|iPhoneSimulator = Release|iPhoneSimulator
		Release|x86 = Release|x86
	EndGlobalSection
	GlobalSection(ProjectConfigurationPlatforms) = postSolution
		{D99F3689-760F-4CEB-AA24-F2C544BDE287}.Ad-Hoc|Any CPU.ActiveCfg = Release|Any CPU
		{D99F3689-760F-4CEB-AA24-F2C544BDE287}.Ad-Hoc|Any CPU.Build.0 = Release|Any CPU
		{D99F3689-760F-4CEB-AA24-F2C544BDE287}.Ad-Hoc|Any CPU.Deploy.0 = Release|Any CPU
		{D99F3689-760F-4CEB-AA24-F2C544BDE287}.Ad-Hoc|iPhone.ActiveCfg = Release|Any CPU
		{D99F3689-760F-4CEB-AA24-F2C544BDE287}.Ad-Hoc|iPhone.Build.0 = Release|Any CPU
		{D99F3689-760F-4CEB-AA24-F2C544BDE287}.Ad-Hoc|iPhone.Deploy.0 = Release|Any CPU
		{D99F3689-760F-4CEB-AA24-F2C544BDE287}.Ad-Hoc|iPhoneSimulator.ActiveCfg = Release|Any CPU
		{D99F3689-760F-4CEB-AA24-F2C544BDE287}.Ad-Hoc|iPhoneSimulator.Build.0 = Release|Any CPU
		{D99F3689-760F-4CEB-AA24-F2C544BDE287}.Ad-Hoc|iPhoneSimulator.Deploy.0 = Release|Any CPU
		{D99F3689-760F-4CEB-AA24-F2C544BDE287}.Ad-Hoc|x86.ActiveCfg = Release|x86
		{D99F3689-760F-4CEB-AA24-F2C544BDE287}.Ad-Hoc|x86.Build.0 = Release|x86
		{D99F3689-760F-4CEB-AA24-F2C544BDE287}.Ad-Hoc|x86.Deploy.0 = Release|x86
		{D99F3689-760F-4CEB-AA24-F2C544BDE287}.AppStore|Any CPU.ActiveCfg = Release|Any CPU
		{D99F3689-760F-4CEB-AA24-F2C544BDE287}.AppStore|Any CPU.Build.0 = Release|Any CPU
		{D99F3689-760F-4CEB-AA24-F2C544BDE287}.AppStore|Any CPU.Deploy.0 = Release|Any CPU
		{D99F3689-760F-4CEB-AA24-F2C544BDE287}.AppStore|iPhone.ActiveCfg = Release|Any CPU
		{D99F3689-760F-4CEB-AA24-F2C544BDE287}.AppStore|iPhone.Build.0 = Release|Any CPU
		{D99F3689-760F-4CEB-AA24-F2C544BDE287}.AppStore|iPhone.Deploy.0 = Release|Any CPU
		{D99F3689-760F-4CEB-AA24-F2C544BDE287}.AppStore|iPhoneSimulator.ActiveCfg = Release|Any CPU
		{D99F3689-760F-4CEB-AA24-F2C544BDE287}.AppStore|iPhoneSimulator.Build.0 = Release|Any CPU
		{D99F3689-760F-4CEB-AA24-F2C544BDE287}.AppStore|iPhoneSimulator.Deploy.0 = Release|Any CPU
		{D99F3689-760F-4CEB-AA24-F2C544BDE287}.AppStore|x86.ActiveCfg = Release|x86
		{D99F3689-760F-4CEB-AA24-F2C544BDE287}.AppStore|x86.Build.0 = Release|x86
		{D99F3689-760F-4CEB-AA24-F2C544BDE287}.AppStore|x86.Deploy.0 = Release|x86
		{D99F3689-760F-4CEB-AA24-F2C544BDE287}.Debug|Any CPU.ActiveCfg = Debug|Any CPU
		{D99F3689-760F-4CEB-AA24-F2C544BDE287}.Debug|Any CPU.Build.0 = Debug|Any CPU
		{D99F3689-760F-4CEB-AA24-F2C544BDE287}.Debug|Any CPU.Deploy.0 = Debug|Any CPU
		{D99F3689-760F-4CEB-AA24-F2C544BDE287}.Debug|iPhone.ActiveCfg = Debug|Any CPU
		{D99F3689-760F-4CEB-AA24-F2C544BDE287}.Debug|iPhone.Build.0 = Debug|Any CPU
		{D99F3689-760F-4CEB-AA24-F2C544BDE287}.Debug|iPhone.Deploy.0 = Debug|Any CPU
		{D99F3689-760F-4CEB-AA24-F2C544BDE287}.Debug|iPhoneSimulator.ActiveCfg = Debug|Any CPU
		{D99F3689-760F-4CEB-AA24-F2C544BDE287}.Debug|iPhoneSimulator.Build.0 = Debug|Any CPU
		{D99F3689-760F-4CEB-AA24-F2C544BDE287}.Debug|iPhoneSimulator.Deploy.0 = Debug|Any CPU
		{D99F3689-760F-4CEB-AA24-F2C544BDE287}.Debug|x86.ActiveCfg = Debug|x86
		{D99F3689-760F-4CEB-AA24-F2C544BDE287}.Debug|x86.Build.0 = Debug|x86
		{D99F3689-760F-4CEB-AA24-F2C544BDE287}.Debug|x86.Deploy.0 = Debug|x86
		{D99F3689-760F-4CEB-AA24-F2C544BDE287}.Release|Any CPU.ActiveCfg = Release|Any CPU
		{D99F3689-760F-4CEB-AA24-F2C544BDE287}.Release|Any CPU.Build.0 = Release|Any CPU
		{D99F3689-760F-4CEB-AA24-F2C544BDE287}.Release|Any CPU.Deploy.0 = Release|Any CPU
		{D99F3689-760F-4CEB-AA24-F2C544BDE287}.Release|iPhone.ActiveCfg = Release|Any CPU
		{D99F3689-760F-4CEB-AA24-F2C544BDE287}.Release|iPhone.Build.0 = Release|Any CPU
		{D99F3689-760F-4CEB-AA24-F2C544BDE287}.Release|iPhone.Deploy.0 = Release|Any CPU
		{D99F3689-760F-4CEB-AA24-F2C544BDE287}.Release|iPhoneSimulator.ActiveCfg = Release|Any CPU
		{D99F3689-760F-4CEB-AA24-F2C544BDE287}.Release|iPhoneSimulator.Build.0 = Release|Any CPU
		{D99F3689-760F-4CEB-AA24-F2C544BDE287}.Release|iPhoneSimulator.Deploy.0 = Release|Any CPU
		{D99F3689-760F-4CEB-AA24-F2C544BDE287}.Release|x86.ActiveCfg = Release|x86
		{D99F3689-760F-4CEB-AA24-F2C544BDE287}.Release|x86.Build.0 = Release|x86
		{D99F3689-760F-4CEB-AA24-F2C544BDE287}.Release|x86.Deploy.0 = Release|x86
		{6CD28BF9-F214-4B22-B891-884D79A72356}.Ad-Hoc|Any CPU.ActiveCfg = Ad-Hoc|iPhone
		{6CD28BF9-F214-4B22-B891-884D79A72356}.Ad-Hoc|Any CPU.Build.0 = Ad-Hoc|iPhone
		{6CD28BF9-F214-4B22-B891-884D79A72356}.Ad-Hoc|Any CPU.Deploy.0 = Ad-Hoc|iPhone
		{6CD28BF9-F214-4B22-B891-884D79A72356}.Ad-Hoc|iPhone.ActiveCfg = Ad-Hoc|iPhone
		{6CD28BF9-F214-4B22-B891-884D79A72356}.Ad-Hoc|iPhone.Build.0 = Ad-Hoc|iPhone
		{6CD28BF9-F214-4B22-B891-884D79A72356}.Ad-Hoc|iPhone.Deploy.0 = Ad-Hoc|iPhone
		{6CD28BF9-F214-4B22-B891-884D79A72356}.Ad-Hoc|iPhoneSimulator.ActiveCfg = Ad-Hoc|iPhoneSimulator
		{6CD28BF9-F214-4B22-B891-884D79A72356}.Ad-Hoc|iPhoneSimulator.Build.0 = Ad-Hoc|iPhoneSimulator
		{6CD28BF9-F214-4B22-B891-884D79A72356}.Ad-Hoc|iPhoneSimulator.Deploy.0 = Ad-Hoc|iPhoneSimulator
		{6CD28BF9-F214-4B22-B891-884D79A72356}.Ad-Hoc|x86.ActiveCfg = Ad-Hoc|x86
		{6CD28BF9-F214-4B22-B891-884D79A72356}.Ad-Hoc|x86.Build.0 = Ad-Hoc|x86
		{6CD28BF9-F214-4B22-B891-884D79A72356}.AppStore|Any CPU.ActiveCfg = AppStore|iPhone
		{6CD28BF9-F214-4B22-B891-884D79A72356}.AppStore|Any CPU.Build.0 = AppStore|iPhone
		{6CD28BF9-F214-4B22-B891-884D79A72356}.AppStore|Any CPU.Deploy.0 = AppStore|iPhone
		{6CD28BF9-F214-4B22-B891-884D79A72356}.AppStore|iPhone.ActiveCfg = AppStore|iPhone
		{6CD28BF9-F214-4B22-B891-884D79A72356}.AppStore|iPhone.Build.0 = AppStore|iPhone
		{6CD28BF9-F214-4B22-B891-884D79A72356}.AppStore|iPhone.Deploy.0 = AppStore|iPhone
		{6CD28BF9-F214-4B22-B891-884D79A72356}.AppStore|iPhoneSimulator.ActiveCfg = AppStore|iPhoneSimulator
		{6CD28BF9-F214-4B22-B891-884D79A72356}.AppStore|iPhoneSimulator.Build.0 = AppStore|iPhoneSimulator
		{6CD28BF9-F214-4B22-B891-884D79A72356}.AppStore|iPhoneSimulator.Deploy.0 = AppStore|iPhoneSimulator
		{6CD28BF9-F214-4B22-B891-884D79A72356}.AppStore|x86.ActiveCfg = AppStore|x86
		{6CD28BF9-F214-4B22-B891-884D79A72356}.AppStore|x86.Build.0 = AppStore|x86
		{6CD28BF9-F214-4B22-B891-884D79A72356}.Debug|Any CPU.ActiveCfg = Debug|iPhoneSimulator
		{6CD28BF9-F214-4B22-B891-884D79A72356}.Debug|Any CPU.Build.0 = Debug|iPhoneSimulator
		{6CD28BF9-F214-4B22-B891-884D79A72356}.Debug|Any CPU.Deploy.0 = Debug|iPhoneSimulator
		{6CD28BF9-F214-4B22-B891-884D79A72356}.Debug|iPhone.ActiveCfg = Debug|iPhone
		{6CD28BF9-F214-4B22-B891-884D79A72356}.Debug|iPhone.Build.0 = Debug|iPhone
		{6CD28BF9-F214-4B22-B891-884D79A72356}.Debug|iPhone.Deploy.0 = Debug|iPhone
		{6CD28BF9-F214-4B22-B891-884D79A72356}.Debug|iPhoneSimulator.ActiveCfg = Debug|iPhoneSimulator
		{6CD28BF9-F214-4B22-B891-884D79A72356}.Debug|iPhoneSimulator.Build.0 = Debug|iPhoneSimulator
		{6CD28BF9-F214-4B22-B891-884D79A72356}.Debug|iPhoneSimulator.Deploy.0 = Debug|iPhoneSimulator
		{6CD28BF9-F214-4B22-B891-884D79A72356}.Debug|x86.ActiveCfg = Debug|x86
		{6CD28BF9-F214-4B22-B891-884D79A72356}.Debug|x86.Build.0 = Debug|x86
		{6CD28BF9-F214-4B22-B891-884D79A72356}.Release|Any CPU.ActiveCfg = Release|iPhone
		{6CD28BF9-F214-4B22-B891-884D79A72356}.Release|Any CPU.Build.0 = Release|iPhone
		{6CD28BF9-F214-4B22-B891-884D79A72356}.Release|Any CPU.Deploy.0 = Release|iPhone
		{6CD28BF9-F214-4B22-B891-884D79A72356}.Release|iPhone.ActiveCfg = Release|iPhone
		{6CD28BF9-F214-4B22-B891-884D79A72356}.Release|iPhone.Build.0 = Release|iPhone
		{6CD28BF9-F214-4B22-B891-884D79A72356}.Release|iPhone.Deploy.0 = Release|iPhone
		{6CD28BF9-F214-4B22-B891-884D79A72356}.Release|iPhoneSimulator.ActiveCfg = Release|iPhoneSimulator
		{6CD28BF9-F214-4B22-B891-884D79A72356}.Release|iPhoneSimulator.Build.0 = Release|iPhoneSimulator
		{6CD28BF9-F214-4B22-B891-884D79A72356}.Release|iPhoneSimulator.Deploy.0 = Release|iPhoneSimulator
		{6CD28BF9-F214-4B22-B891-884D79A72356}.Release|x86.ActiveCfg = Release|x86
		{6CD28BF9-F214-4B22-B891-884D79A72356}.Release|x86.Build.0 = Release|x86
		{4AB4125A-5B53-4DFC-ACB9-BA3085BD6762}.Ad-Hoc|Any CPU.ActiveCfg = Debug|Any CPU
		{4AB4125A-5B53-4DFC-ACB9-BA3085BD6762}.Ad-Hoc|Any CPU.Build.0 = Debug|Any CPU
		{4AB4125A-5B53-4DFC-ACB9-BA3085BD6762}.Ad-Hoc|Any CPU.Deploy.0 = Debug|Any CPU
		{4AB4125A-5B53-4DFC-ACB9-BA3085BD6762}.Ad-Hoc|iPhone.ActiveCfg = Debug|Any CPU
		{4AB4125A-5B53-4DFC-ACB9-BA3085BD6762}.Ad-Hoc|iPhone.Build.0 = Debug|Any CPU
		{4AB4125A-5B53-4DFC-ACB9-BA3085BD6762}.Ad-Hoc|iPhone.Deploy.0 = Debug|Any CPU
		{4AB4125A-5B53-4DFC-ACB9-BA3085BD6762}.Ad-Hoc|iPhoneSimulator.ActiveCfg = Debug|Any CPU
		{4AB4125A-5B53-4DFC-ACB9-BA3085BD6762}.Ad-Hoc|iPhoneSimulator.Build.0 = Debug|Any CPU
		{4AB4125A-5B53-4DFC-ACB9-BA3085BD6762}.Ad-Hoc|iPhoneSimulator.Deploy.0 = Debug|Any CPU
		{4AB4125A-5B53-4DFC-ACB9-BA3085BD6762}.Ad-Hoc|x86.ActiveCfg = Release|x86
		{4AB4125A-5B53-4DFC-ACB9-BA3085BD6762}.Ad-Hoc|x86.Build.0 = Release|x86
		{4AB4125A-5B53-4DFC-ACB9-BA3085BD6762}.AppStore|Any CPU.ActiveCfg = Debug|Any CPU
		{4AB4125A-5B53-4DFC-ACB9-BA3085BD6762}.AppStore|Any CPU.Build.0 = Debug|Any CPU
		{4AB4125A-5B53-4DFC-ACB9-BA3085BD6762}.AppStore|Any CPU.Deploy.0 = Debug|Any CPU
		{4AB4125A-5B53-4DFC-ACB9-BA3085BD6762}.AppStore|iPhone.ActiveCfg = Debug|Any CPU
		{4AB4125A-5B53-4DFC-ACB9-BA3085BD6762}.AppStore|iPhone.Build.0 = Debug|Any CPU
		{4AB4125A-5B53-4DFC-ACB9-BA3085BD6762}.AppStore|iPhone.Deploy.0 = Debug|Any CPU
		{4AB4125A-5B53-4DFC-ACB9-BA3085BD6762}.AppStore|iPhoneSimulator.ActiveCfg = Debug|Any CPU
		{4AB4125A-5B53-4DFC-ACB9-BA3085BD6762}.AppStore|iPhoneSimulator.Build.0 = Debug|Any CPU
		{4AB4125A-5B53-4DFC-ACB9-BA3085BD6762}.AppStore|iPhoneSimulator.Deploy.0 = Debug|Any CPU
		{4AB4125A-5B53-4DFC-ACB9-BA3085BD6762}.AppStore|x86.ActiveCfg = Release|x86
		{4AB4125A-5B53-4DFC-ACB9-BA3085BD6762}.AppStore|x86.Build.0 = Release|x86
		{4AB4125A-5B53-4DFC-ACB9-BA3085BD6762}.Debug|Any CPU.ActiveCfg = Debug|Any CPU
		{4AB4125A-5B53-4DFC-ACB9-BA3085BD6762}.Debug|Any CPU.Build.0 = Debug|Any CPU
		{4AB4125A-5B53-4DFC-ACB9-BA3085BD6762}.Debug|Any CPU.Deploy.0 = Debug|Any CPU
		{4AB4125A-5B53-4DFC-ACB9-BA3085BD6762}.Debug|iPhone.ActiveCfg = Debug|Any CPU
		{4AB4125A-5B53-4DFC-ACB9-BA3085BD6762}.Debug|iPhone.Build.0 = Debug|Any CPU
		{4AB4125A-5B53-4DFC-ACB9-BA3085BD6762}.Debug|iPhone.Deploy.0 = Debug|Any CPU
		{4AB4125A-5B53-4DFC-ACB9-BA3085BD6762}.Debug|iPhoneSimulator.ActiveCfg = Debug|Any CPU
		{4AB4125A-5B53-4DFC-ACB9-BA3085BD6762}.Debug|iPhoneSimulator.Build.0 = Debug|Any CPU
		{4AB4125A-5B53-4DFC-ACB9-BA3085BD6762}.Debug|iPhoneSimulator.Deploy.0 = Debug|Any CPU
		{4AB4125A-5B53-4DFC-ACB9-BA3085BD6762}.Debug|x86.ActiveCfg = Debug|x86
		{4AB4125A-5B53-4DFC-ACB9-BA3085BD6762}.Debug|x86.Build.0 = Debug|x86
		{4AB4125A-5B53-4DFC-ACB9-BA3085BD6762}.Release|Any CPU.ActiveCfg = Release|Any CPU
		{4AB4125A-5B53-4DFC-ACB9-BA3085BD6762}.Release|Any CPU.Build.0 = Release|Any CPU
		{4AB4125A-5B53-4DFC-ACB9-BA3085BD6762}.Release|Any CPU.Deploy.0 = Release|Any CPU
		{4AB4125A-5B53-4DFC-ACB9-BA3085BD6762}.Release|iPhone.ActiveCfg = Release|Any CPU
		{4AB4125A-5B53-4DFC-ACB9-BA3085BD6762}.Release|iPhone.Build.0 = Release|Any CPU
		{4AB4125A-5B53-4DFC-ACB9-BA3085BD6762}.Release|iPhone.Deploy.0 = Release|Any CPU
		{4AB4125A-5B53-4DFC-ACB9-BA3085BD6762}.Release|iPhoneSimulator.ActiveCfg = Release|Any CPU
		{4AB4125A-5B53-4DFC-ACB9-BA3085BD6762}.Release|iPhoneSimulator.Build.0 = Release|Any CPU
		{4AB4125A-5B53-4DFC-ACB9-BA3085BD6762}.Release|iPhoneSimulator.Deploy.0 = Release|Any CPU
		{4AB4125A-5B53-4DFC-ACB9-BA3085BD6762}.Release|x86.ActiveCfg = Release|x86
		{4AB4125A-5B53-4DFC-ACB9-BA3085BD6762}.Release|x86.Build.0 = Release|x86
	EndGlobalSection
	GlobalSection(SolutionProperties) = preSolution
		HideSolutionNode = FALSE
	EndGlobalSection
	GlobalSection(ExtensibilityGlobals) = postSolution
		SolutionGuid = {2742CD39-E36F-4258-8A68-BED08EB64838}
	EndGlobalSection
EndGlobal
